// !$*UTF8*$!
{
	archiveVersion = 1;
	classes = {
	};
	objectVersion = 50;
	objects = {

/* Begin PBXBuildFile section */
		457AFF00257F679F00C37417 /* AppDelegate.m in Sources */ = {isa = PBXBuildFile; fileRef = 457AFEFF257F679F00C37417 /* AppDelegate.m */; };
		457AFF03257F679F00C37417 /* SceneDelegate.m in Sources */ = {isa = PBXBuildFile; fileRef = 457AFF02257F679F00C37417 /* SceneDelegate.m */; };
		457AFF06257F679F00C37417 /* ViewController.m in Sources */ = {isa = PBXBuildFile; fileRef = 457AFF05257F679F00C37417 /* ViewController.m */; };
		457AFF09257F679F00C37417 /* Main.storyboard in Resources */ = {isa = PBXBuildFile; fileRef = 457AFF07257F679F00C37417 /* Main.storyboard */; };
		457AFF0B257F67A100C37417 /* Assets.xcassets in Resources */ = {isa = PBXBuildFile; fileRef = 457AFF0A257F67A100C37417 /* Assets.xcassets */; };
		457AFF0E257F67A100C37417 /* LaunchScreen.storyboard in Resources */ = {isa = PBXBuildFile; fileRef = 457AFF0C257F67A100C37417 /* LaunchScreen.storyboard */; };
		457AFF11257F67A100C37417 /* main.m in Sources */ = {isa = PBXBuildFile; fileRef = 457AFF10257F67A100C37417 /* main.m */; };
		457AFF1A257F67BC00C37417 /* UIView+Rotate.m in Sources */ = {isa = PBXBuildFile; fileRef = 457AFF19257F67BC00C37417 /* UIView+Rotate.m */; };
/* End PBXBuildFile section */

/* Begin PBXFileReference section */
		457AFEFB257F679F00C37417 /* RotateView.app */ = {isa = PBXFileReference; explicitFileType = wrapper.application; includeInIndex = 0; path = RotateView.app; sourceTree = BUILT_PRODUCTS_DIR; };
		457AFEFE257F679F00C37417 /* AppDelegate.h */ = {isa = PBXFileReference; lastKnownFileType = sourcecode.c.h; path = AppDelegate.h; sourceTree = "<group>"; };
		457AFEFF257F679F00C37417 /* AppDelegate.m */ = {isa = PBXFileReference; lastKnownFileType = sourcecode.c.objc; path = AppDelegate.m; sourceTree = "<group>"; };
		457AFF01257F679F00C37417 /* SceneDelegate.h */ = {isa = PBXFileReference; lastKnownFileType = sourcecode.c.h; path = SceneDelegate.h; sourceTree = "<group>"; };
		457AFF02257F679F00C37417 /* SceneDelegate.m */ = {isa = PBXFileReference; lastKnownFileType = sourcecode.c.objc; path = SceneDelegate.m; sourceTree = "<group>"; };
		457AFF04257F679F00C37417 /* ViewController.h */ = {isa = PBXFileReference; lastKnownFileType = sourcecode.c.h; path = ViewController.h; sourceTree = "<group>"; };
		457AFF05257F679F00C37417 /* ViewController.m */ = {isa = PBXFileReference; lastKnownFileType = sourcecode.c.objc; path = ViewController.m; sourceTree = "<group>"; };
		457AFF08257F679F00C37417 /* Base */ = {isa = PBXFileReference; lastKnownFileType = file.storyboard; name = Base; path = Base.lproj/Main.storyboard; sourceTree = "<group>"; };
		457AFF0A257F67A100C37417 /* Assets.xcassets */ = {isa = PBXFileReference; lastKnownFileType = folder.assetcatalog; path = Assets.xcassets; sourceTree = "<group>"; };
		457AFF0D257F67A100C37417 /* Base */ = {isa = PBXFileReference; lastKnownFileType = file.storyboard; name = Base; path = Base.lproj/LaunchScreen.storyboard; sourceTree = "<group>"; };
		457AFF0F257F67A100C37417 /* Info.plist */ = {isa = PBXFileReference; lastKnownFileType = text.plist.xml; path = Info.plist; sourceTree = "<group>"; };
		457AFF10257F67A100C37417 /* main.m */ = {isa = PBXFileReference; lastKnownFileType = sourcecode.c.objc; path = main.m; sourceTree = "<group>"; };
		457AFF18257F67BC00C37417 /* UIView+Rotate.h */ = {isa = PBXFileReference; lastKnownFileType = sourcecode.c.h; path = "UIView+Rotate.h"; sourceTree = "<group>"; };
		457AFF19257F67BC00C37417 /* UIView+Rotate.m */ = {isa = PBXFileReference; lastKnownFileType = sourcecode.c.objc; path = "UIView+Rotate.m"; sourceTree = "<group>"; };
/* End PBXFileReference section */

/* Begin PBXFrameworksBuildPhase section */
		457AFEF8257F679F00C37417 /* Frameworks */ = {
			isa = PBXFrameworksBuildPhase;
			buildActionMask = 2147483647;
			files = (
			);
			runOnlyForDeploymentPostprocessing = 0;
		};
/* End PBXFrameworksBuildPhase section */

/* Begin PBXGroup section */
		457AFEF2257F679F00C37417 = {
			isa = PBXGroup;
			children = (
				457AFEFD257F679F00C37417 /* RotateView */,
				457AFEFC257F679F00C37417 /* Products */,
			);
			sourceTree = "<group>";
		};
		457AFEFC257F679F00C37417 /* Products */ = {
			isa = PBXGroup;
			children = (
				457AFEFB257F679F00C37417 /* RotateView.app */,
			);
			name = Products;
			sourceTree = "<group>";
		};
		457AFEFD257F679F00C37417 /* RotateView */ = {
			isa = PBXGroup;
			children = (
				457AFEFE257F679F00C37417 /* AppDelegate.h */,
				457AFEFF257F679F00C37417 /* AppDelegate.m */,
				457AFF01257F679F00C37417 /* SceneDelegate.h */,
				457AFF02257F679F00C37417 /* SceneDelegate.m */,
				457AFF04257F679F00C37417 /* ViewController.h */,
				457AFF05257F679F00C37417 /* ViewController.m */,
				457AFF07257F679F00C37417 /* Main.storyboard */,
				457AFF0A257F67A100C37417 /* Assets.xcassets */,
				457AFF0C257F67A100C37417 /* LaunchScreen.storyboard */,
				457AFF0F257F67A100C37417 /* Info.plist */,
				457AFF10257F67A100C37417 /* main.m */,
				457AFF18257F67BC00C37417 /* UIView+Rotate.h */,
				457AFF19257F67BC00C37417 /* UIView+Rotate.m */,
			);
			path = RotateView;
			sourceTree = "<group>";
		};
/* End PBXGroup section */

/* Begin PBXNativeTarget section */
		457AFEFA257F679F00C37417 /* RotateView */ = {
			isa = PBXNativeTarget;
			buildConfigurationList = 457AFF14257F67A100C37417 /* Build configuration list for PBXNativeTarget "RotateView" */;
			buildPhases = (
				457AFEF7257F679F00C37417 /* Sources */,
				457AFEF8257F679F00C37417 /* Frameworks */,
				457AFEF9257F679F00C37417 /* Resources */,
			);
			buildRules = (
			);
			dependencies = (
			);
			name = RotateView;
			productName = RotateView;
			productReference = 457AFEFB257F679F00C37417 /* RotateView.app */;
			productType = "com.apple.product-type.application";
		};
/* End PBXNativeTarget section */

/* Begin PBXProject section */
		457AFEF3257F679F00C37417 /* Project object */ = {
			isa = PBXProject;
			attributes = {
				LastUpgradeCheck = 1220;
				TargetAttributes = {
					457AFEFA257F679F00C37417 = {
						CreatedOnToolsVersion = 12.2;
					};
				};
			};
			buildConfigurationList = 457AFEF6257F679F00C37417 /* Build configuration list for PBXProject "RotateView" */;
			compatibilityVersion = "Xcode 9.3";
			developmentRegion = en;
			hasScannedForEncodings = 0;
			knownRegions = (
				en,
				Base,
			);
			mainGroup = 457AFEF2257F679F00C37417;
			productRefGroup = 457AFEFC257F679F00C37417 /* Products */;
			projectDirPath = "";
			projectRoot = "";
			targets = (
				457AFEFA257F679F00C37417 /* RotateView */,
			);
		};
/* End PBXProject section */

/* Begin PBXResourcesBuildPhase section */
		457AFEF9257F679F00C37417 /* Resources */ = {
			isa = PBXResourcesBuildPhase;
			buildActionMask = 2147483647;
			files = (
				457AFF0E257F67A100C37417 /* LaunchScreen.storyboard in Resources */,
				457AFF0B257F67A100C37417 /* Assets.xcassets in Resources */,
				457AFF09257F679F00C37417 /* Main.storyboard in Resources */,
			);
			runOnlyForDeploymentPostprocessing = 0;
		};
/* End PBXResourcesBuildPhase section */

/* Begin PBXSourcesBuildPhase section */
		457AFEF7257F679F00C37417 /* Sources */ = {
			isa = PBXSourcesBuildPhase;
			buildActionMask = 2147483647;
			files = (
				457AFF1A257F67BC00C37417 /* UIView+Rotate.m in Sources */,
				457AFF06257F679F00C37417 /* ViewController.m in Sources */,
				457AFF00257F679F00C37417 /* AppDelegate.m in Sources */,
				457AFF11257F67A100C37417 /* main.m in Sources */,
				457AFF03257F679F00C37417 /* SceneDelegate.m in Sources */,
			);
			runOnlyForDeploymentPostprocessing = 0;
		};
/* End PBXSourcesBuildPhase section */

/* Begin PBXVariantGroup section */
		457AFF07257F679F00C37417 /* Main.storyboard */ = {
			isa = PBXVariantGroup;
			children = (
				457AFF08257F679F00C37417 /* Base */,
			);
			name = Main.storyboard;
			sourceTree = "<group>";
		};
		457AFF0C257F67A100C37417 /* LaunchScreen.storyboard */ = {
			isa = PBXVariantGroup;
			children = (
				457AFF0D257F67A100C37417 /* Base */,
			);
			name = LaunchScreen.storyboard;
			sourceTree = "<group>";
		};
/* End PBXVariantGroup section */

/* Begin XCBuildConfiguration section */
		457AFF12257F67A100C37417 /* Debug */ = {
			isa = XCBuildConfiguration;
			buildSettings = {
				ALWAYS_SEARCH_USER_PATHS = NO;
				CLANG_ANALYZER_NONNULL = YES;
				CLANG_ANALYZER_NUMBER_OBJECT_CONVERSION = YES_AGGRESSIVE;
				CLANG_CXX_LANGUAGE_STANDARD = "gnu++14";
				CLANG_CXX_LIBRARY = "libc++";
				CLANG_ENABLE_MODULES = YES;
				CLANG_ENABLE_OBJC_ARC = YES;
				CLANG_ENABLE_OBJC_WEAK = YES;
				CLANG_WARN_BLOCK_CAPTURE_AUTORELEASING = YES;
				CLANG_WARN_BOOL_CONVERSION = YES;
				CLANG_WARN_COMMA = YES;
				CLANG_WARN_CONSTANT_CONVERSION = YES;
				CLANG_WARN_DEPRECATED_OBJC_IMPLEMENTATIONS = YES;
				CLANG_WARN_DIRECT_OBJC_ISA_USAGE = YES_ERROR;
				CLANG_WARN_DOCUMENTATION_COMMENTS = YES;
				CLANG_WARN_EMPTY_BODY = YES;
				CLANG_WARN_ENUM_CONVERSION = YES;
				CLANG_WARN_INFINITE_RECURSION = YES;
				CLANG_WARN_INT_CONVERSION = YES;
				CLANG_WARN_NON_LITERAL_NULL_CONVERSION = YES;
				CLANG_WARN_OBJC_IMPLICIT_RETAIN_SELF = YES;
				CLANG_WARN_OBJC_LITERAL_CONVERSION = YES;
				CLANG_WARN_OBJC_ROOT_CLASS = YES_ERROR;
				CLANG_WARN_QUOTED_INCLUDE_IN_FRAMEWORK_HEADER = YES;
				CLANG_WARN_RANGE_LOOP_ANALYSIS = YES;
				CLANG_WARN_STRICT_PROTOTYPES = YES;
				CLANG_WARN_SUSPICIOUS_MOVE = YES;
				CLANG_WARN_UNGUARDED_AVAILABILITY = YES_AGGRESSIVE;
				CLANG_WARN_UNREACHABLE_CODE = YES;
				CLANG_WARN__DUPLICATE_METHOD_MATCH = YES;
				COPY_PHASE_STRIP = NO;
				DEBUG_INFORMATION_FORMAT = dwarf;
				ENABLE_STRICT_OBJC_MSGSEND = YES;
				ENABLE_TESTABILITY = YES;
				GCC_C_LANGUAGE_STANDARD = gnu11;
				GCC_DYNAMIC_NO_PIC = NO;
				GCC_NO_COMMON_BLOCKS = YES;
				GCC_OPTIMIZATION_LEVEL = 0;
				GCC_PREPROCESSOR_DEFINITIONS = (
					"DEBUG=1",
					"$(inherited)",
				);
				GCC_WARN_64_TO_32_BIT_CONVERSION = YES;
				GCC_WARN_ABOUT_RETURN_TYPE = YES_ERROR;
				GCC_WARN_UNDECLARED_SELECTOR = YES;
				GCC_WARN_UNINITIALIZED_AUTOS = YES_AGGRESSIVE;
				GCC_WARN_UNUSED_FUNCTION = YES;
				GCC_WARN_UNUSED_VARIABLE = YES;
				IPHONEOS_DEPLOYMENT_TARGET = 14.2;
				MTL_ENABLE_DEBUG_INFO = INCLUDE_SOURCE;
				MTL_FAST_MATH = YES;
				ONLY_ACTIVE_ARCH = YES;
				SDKROOT = iphoneos;
			};
			name = Debug;
		};
		457AFF13257F67A100C37417 /* Release */ = {
			isa = XCBuildConfiguration;
			buildSettings = {
				ALWAYS_SEARCH_USER_PATHS = NO;
				CLANG_ANALYZER_NONNULL = YES;
				CLANG_ANALYZER_NUMBER_OBJECT_CONVERSION = YES_AGGRESSIVE;
				CLANG_CXX_LANGUAGE_STANDARD = "gnu++14";
				CLANG_CXX_LIBRARY = "libc++";
				CLANG_ENABLE_MODULES = YES;
				CLANG_ENABLE_OBJC_ARC = YES;
				CLANG_ENABLE_OBJC_WEAK = YES;
				CLANG_WARN_BLOCK_CAPTURE_AUTORELEASING = YES;
				CLANG_WARN_BOOL_CONVERSION = YES;
				CLANG_WARN_COMMA = YES;
				CLANG_WARN_CONSTANT_CONVERSION = YES;
				CLANG_WARN_DEPRECATED_OBJC_IMPLEMENTATIONS = YES;
				CLANG_WARN_DIRECT_OBJC_ISA_USAGE = YES_ERROR;
				CLANG_WARN_DOCUMENTATION_COMMENTS = YES;
				CLANG_WARN_EMPTY_BODY = YES;
				CLANG_WARN_ENUM_CONVERSION = YES;
				CLANG_WARN_INFINITE_RECURSION = YES;
				CLANG_WARN_INT_CONVERSION = YES;
				CLANG_WARN_NON_LITERAL_NULL_CONVERSION = YES;
				CLANG_WARN_OBJC_IMPLICIT_RETAIN_SELF = YES;
				CLANG_WARN_OBJC_LITERAL_CONVERSION = YES;
				CLANG_WARN_OBJC_ROOT_CLASS = YES_ERROR;
				CLANG_WARN_QUOTED_INCLUDE_IN_FRAMEWORK_HEADER = YES;
				CLANG_WARN_RANGE_LOOP_ANALYSIS = YES;
				CLANG_WARN_STRICT_PROTOTYPES = YES;
				CLANG_WARN_SUSPICIOUS_MOVE = YES;
				CLANG_WARN_UNGUARDED_AVAILABILITY = YES_AGGRESSIVE;
				CLANG_WARN_UNREACHABLE_CODE = YES;
				CLANG_WARN__DUPLICATE_METHOD_MATCH = YES;
				COPY_PHASE_STRIP = NO;
				DEBUG_INFORMATION_FORMAT = "dwarf-with-dsym";
				ENABLE_NS_ASSERTIONS = NO;
				ENABLE_STRICT_OBJC_MSGSEND = YES;
				GCC_C_LANGUAGE_STANDARD = gnu11;
				GCC_NO_COMMON_BLOCKS = YES;
				GCC_WARN_64_TO_32_BIT_CONVERSION = YES;
				GCC_WARN_ABOUT_RETURN_TYPE = YES_ERROR;
				GCC_WARN_UNDECLARED_SELECTOR = YES;
				GCC_WARN_UNINITIALIZED_AUTOS = YES_AGGRESSIVE;
				GCC_WARN_UNUSED_FUNCTION = YES;
				GCC_WARN_UNUSED_VARIABLE = YES;
				IPHONEOS_DEPLOYMENT_TARGET = 14.2;
				MTL_ENABLE_DEBUG_INFO = NO;
				MTL_FAST_MATH = YES;
				SDKROOT = iphoneos;
				VALIDATE_PRODUCT = YES;
			};
			name = Release;
		};
		457AFF15257F67A100C37417 /* Debug */ = {
			isa = XCBuildConfiguration;
			buildSettings = {
				ASSETCATALOG_COMPILER_APPICON_NAME = AppIcon;
				ASSETCATALOG_COMPILER_GLOBAL_ACCENT_COLOR_NAME = AccentColor;
				CODE_SIGN_STYLE = Automatic;
				DEVELOPMENT_TEAM = RE4YFXSB23;
				INFOPLIST_FILE = RotateView/Info.plist;
				LD_RUNPATH_SEARCH_PATHS = (
					"$(inherited)",
					"@executable_path/Frameworks",
				);
				PRODUCT_BUNDLE_IDENTIFIER = com.glennposadas.sampleapps.RotateView;
				PRODUCT_NAME = "$(TARGET_NAME)";
				TARGETED_DEVICE_FAMILY = "1,2";
			};
			name = Debug;
		};
		457AFF16257F67A100C37417 /* Release */ = {
			isa = XCBuildConfiguration;
			buildSettings = {
				ASSETCATALOG_COMPILER_APPICON_NAME = AppIcon;
				ASSETCATALOG_COMPILER_GLOBAL_ACCENT_COLOR_NAME = AccentColor;
				CODE_SIGN_STYLE = Automatic;
				DEVELOPMENT_TEAM = RE4YFXSB23;
				INFOPLIST_FILE = RotateView/Info.plist;
				LD_RUNPATH_SEARCH_PATHS = (
					"$(inherited)",
					"@executable_path/Frameworks",
				);
				PRODUCT_BUNDLE_IDENTIFIER = com.glennposadas.sampleapps.RotateView;
				PRODUCT_NAME = "$(TARGET_NAME)";
				TARGETED_DEVICE_FAMILY = "1,2";
			};
			name = Release;
		};
/* End XCBuildConfiguration section */

/* Begin XCConfigurationList section */
		457AFEF6257F679F00C37417 /* Build configuration list for PBXProject "RotateView" */ = {
			isa = XCConfigurationList;
			buildConfigurations = (
				457AFF12257F67A100C37417 /* Debug */,
				457AFF13257F67A100C37417 /* Release */,
			);
			defaultConfigurationIsVisible = 0;
			defaultConfigurationName = Release;
		};
		457AFF14257F67A100C37417 /* Build configuration list for PBXNativeTarget "RotateView" */ = {
			isa = XCConfigurationList;
			buildConfigurations = (
				457AFF15257F67A100C37417 /* Debug */,
				457AFF16257F67A100C37417 /* Release */,
			);
			defaultConfigurationIsVisible = 0;
			defaultConfigurationName = Release;
		};
/* End XCConfigurationList section */
	};
	rootObject = 457AFEF3257F679F00C37417 /* Project object */;
}
